// !$*UTF8*$!
{
	archiveVersion = 1;
	classes = {
	};
	objectVersion = 50;
	objects = {

/* Begin PBXBuildFile section */
		091061B35B90F30AA1FBC95B /* Pods_EvaluationTask.framework in Frameworks */ = {isa = PBXBuildFile; fileRef = 51F514556AA31007260C331F /* Pods_EvaluationTask.framework */; };
		320DC9562133374500B17393 /* CardViewCell.swift in Sources */ = {isa = PBXBuildFile; fileRef = 320DC9542133374500B17393 /* CardViewCell.swift */; };
		320DC9572133374500B17393 /* CardViewCell.xib in Resources */ = {isa = PBXBuildFile; fileRef = 320DC9552133374500B17393 /* CardViewCell.xib */; };
		320DC95A2133378C00B17393 /* CardViewModel.swift in Sources */ = {isa = PBXBuildFile; fileRef = 320DC9592133378C00B17393 /* CardViewModel.swift */; };
		321BD8FD213183E900A16CAA /* AuthTokenEntity.swift in Sources */ = {isa = PBXBuildFile; fileRef = 321BD8FC213183E900A16CAA /* AuthTokenEntity.swift */; };
		321BD8FF21319CC800A16CAA /* NearbyPlacesEntity.swift in Sources */ = {isa = PBXBuildFile; fileRef = 321BD8FE21319CC800A16CAA /* NearbyPlacesEntity.swift */; };
		321BD9012131A03E00A16CAA /* Common.swift in Sources */ = {isa = PBXBuildFile; fileRef = 321BD9002131A03E00A16CAA /* Common.swift */; };
		321BD9032131CE7000A16CAA /* NearbyPlacesEntityKeys.swift in Sources */ = {isa = PBXBuildFile; fileRef = 321BD9022131CE7000A16CAA /* NearbyPlacesEntityKeys.swift */; };
		321BD9072131D3DC00A16CAA /* NetworkInterface.swift in Sources */ = {isa = PBXBuildFile; fileRef = 321BD9062131D3DC00A16CAA /* NetworkInterface.swift */; };
		321BD9092131D3EF00A16CAA /* AlomofireAdaptor.swift in Sources */ = {isa = PBXBuildFile; fileRef = 321BD9082131D3EF00A16CAA /* AlomofireAdaptor.swift */; };
		321BD90B2131D67200A16CAA /* NSError+Networking.swift in Sources */ = {isa = PBXBuildFile; fileRef = 321BD90A2131D67200A16CAA /* NSError+Networking.swift */; };
		327E4A45212F5D7B00A9EF8A /* AppDelegate.swift in Sources */ = {isa = PBXBuildFile; fileRef = 327E4A44212F5D7B00A9EF8A /* AppDelegate.swift */; };
		327E4A47212F5D7B00A9EF8A /* CardViewController.swift in Sources */ = {isa = PBXBuildFile; fileRef = 327E4A46212F5D7B00A9EF8A /* CardViewController.swift */; };
		327E4A4A212F5D7B00A9EF8A /* Card.storyboard in Resources */ = {isa = PBXBuildFile; fileRef = 327E4A48212F5D7B00A9EF8A /* Card.storyboard */; };
		327E4A4C212F5D7D00A9EF8A /* Assets.xcassets in Resources */ = {isa = PBXBuildFile; fileRef = 327E4A4B212F5D7D00A9EF8A /* Assets.xcassets */; };
		327E4A4F212F5D7D00A9EF8A /* LaunchScreen.storyboard in Resources */ = {isa = PBXBuildFile; fileRef = 327E4A4D212F5D7D00A9EF8A /* LaunchScreen.storyboard */; };
		327E4A5A212F5D7E00A9EF8A /* EvaluationTaskTests.swift in Sources */ = {isa = PBXBuildFile; fileRef = 327E4A59212F5D7E00A9EF8A /* EvaluationTaskTests.swift */; };
		3296D0C32131D8880068633C /* ConnectionStatus.storyboard in Resources */ = {isa = PBXBuildFile; fileRef = 3296D0C02131D8870068633C /* ConnectionStatus.storyboard */; };
		3296D0C42131D8880068633C /* ConnectionObserver.swift in Sources */ = {isa = PBXBuildFile; fileRef = 3296D0C12131D8870068633C /* ConnectionObserver.swift */; };
		3296D0C52131D8880068633C /* ConnectionStatus.swift in Sources */ = {isa = PBXBuildFile; fileRef = 3296D0C22131D8870068633C /* ConnectionStatus.swift */; };
		3296D0C72131D9000068633C /* CoreNetwork.swift in Sources */ = {isa = PBXBuildFile; fileRef = 3296D0C62131D9000068633C /* CoreNetwork.swift */; };
		3296D0C92131D90D0068633C /* HostService.swift in Sources */ = {isa = PBXBuildFile; fileRef = 3296D0C82131D90D0068633C /* HostService.swift */; };
		3296D0CC2131E95F0068633C /* HUDAnimationService.swift in Sources */ = {isa = PBXBuildFile; fileRef = 3296D0CB2131E95F0068633C /* HUDAnimationService.swift */; };
		3296D0CE2131EA460068633C /* TopViewControllerFinder.swift in Sources */ = {isa = PBXBuildFile; fileRef = 3296D0CD2131EA460068633C /* TopViewControllerFinder.swift */; };
		3296D0D12131F0320068633C /* AuthTokenRequester.swift in Sources */ = {isa = PBXBuildFile; fileRef = 3296D0D02131F0320068633C /* AuthTokenRequester.swift */; };
		3296D0D32131F0490068633C /* NearbyPlacesRequester.swift in Sources */ = {isa = PBXBuildFile; fileRef = 3296D0D22131F0490068633C /* NearbyPlacesRequester.swift */; };
		3296D0D821320E5A0068633C /* CoreLocation.framework in Frameworks */ = {isa = PBXBuildFile; fileRef = 3296D0D721320E5A0068633C /* CoreLocation.framework */; };
/* End PBXBuildFile section */

/* Begin PBXContainerItemProxy section */
		327E4A56212F5D7E00A9EF8A /* PBXContainerItemProxy */ = {
			isa = PBXContainerItemProxy;
			containerPortal = 327E4A39212F5D7B00A9EF8A /* Project object */;
			proxyType = 1;
			remoteGlobalIDString = 327E4A40212F5D7B00A9EF8A;
			remoteInfo = EvaluationTask;
		};
/* End PBXContainerItemProxy section */

/* Begin PBXFileReference section */
		320DC9542133374500B17393 /* CardViewCell.swift */ = {isa = PBXFileReference; lastKnownFileType = sourcecode.swift; path = CardViewCell.swift; sourceTree = "<group>"; };
		320DC9552133374500B17393 /* CardViewCell.xib */ = {isa = PBXFileReference; lastKnownFileType = file.xib; path = CardViewCell.xib; sourceTree = "<group>"; };
		320DC9592133378C00B17393 /* CardViewModel.swift */ = {isa = PBXFileReference; lastKnownFileType = sourcecode.swift; path = CardViewModel.swift; sourceTree = "<group>"; };
		321BD8FC213183E900A16CAA /* AuthTokenEntity.swift */ = {isa = PBXFileReference; lastKnownFileType = sourcecode.swift; path = AuthTokenEntity.swift; sourceTree = "<group>"; };
		321BD8FE21319CC800A16CAA /* NearbyPlacesEntity.swift */ = {isa = PBXFileReference; lastKnownFileType = sourcecode.swift; path = NearbyPlacesEntity.swift; sourceTree = "<group>"; };
		321BD9002131A03E00A16CAA /* Common.swift */ = {isa = PBXFileReference; lastKnownFileType = sourcecode.swift; path = Common.swift; sourceTree = "<group>"; };
		321BD9022131CE7000A16CAA /* NearbyPlacesEntityKeys.swift */ = {isa = PBXFileReference; lastKnownFileType = sourcecode.swift; path = NearbyPlacesEntityKeys.swift; sourceTree = "<group>"; };
		321BD9062131D3DC00A16CAA /* NetworkInterface.swift */ = {isa = PBXFileReference; lastKnownFileType = sourcecode.swift; path = NetworkInterface.swift; sourceTree = "<group>"; };
		321BD9082131D3EF00A16CAA /* AlomofireAdaptor.swift */ = {isa = PBXFileReference; lastKnownFileType = sourcecode.swift; path = AlomofireAdaptor.swift; sourceTree = "<group>"; };
		321BD90A2131D67200A16CAA /* NSError+Networking.swift */ = {isa = PBXFileReference; lastKnownFileType = sourcecode.swift; path = "NSError+Networking.swift"; sourceTree = "<group>"; };
		327E4A41212F5D7B00A9EF8A /* EvaluationTask.app */ = {isa = PBXFileReference; explicitFileType = wrapper.application; includeInIndex = 0; path = EvaluationTask.app; sourceTree = BUILT_PRODUCTS_DIR; };
		327E4A44212F5D7B00A9EF8A /* AppDelegate.swift */ = {isa = PBXFileReference; lastKnownFileType = sourcecode.swift; path = AppDelegate.swift; sourceTree = "<group>"; };
		327E4A46212F5D7B00A9EF8A /* CardViewController.swift */ = {isa = PBXFileReference; lastKnownFileType = sourcecode.swift; path = CardViewController.swift; sourceTree = "<group>"; };
		327E4A49212F5D7B00A9EF8A /* Base */ = {isa = PBXFileReference; lastKnownFileType = file.storyboard; name = Base; path = Base.lproj/Card.storyboard; sourceTree = "<group>"; };
		327E4A4B212F5D7D00A9EF8A /* Assets.xcassets */ = {isa = PBXFileReference; lastKnownFileType = folder.assetcatalog; path = Assets.xcassets; sourceTree = "<group>"; };
		327E4A4E212F5D7D00A9EF8A /* Base */ = {isa = PBXFileReference; lastKnownFileType = file.storyboard; name = Base; path = Base.lproj/LaunchScreen.storyboard; sourceTree = "<group>"; };
		327E4A50212F5D7D00A9EF8A /* Info.plist */ = {isa = PBXFileReference; lastKnownFileType = text.plist.xml; path = Info.plist; sourceTree = "<group>"; };
		327E4A55212F5D7E00A9EF8A /* EvaluationTaskTests.xctest */ = {isa = PBXFileReference; explicitFileType = wrapper.cfbundle; includeInIndex = 0; path = EvaluationTaskTests.xctest; sourceTree = BUILT_PRODUCTS_DIR; };
		327E4A59212F5D7E00A9EF8A /* EvaluationTaskTests.swift */ = {isa = PBXFileReference; lastKnownFileType = sourcecode.swift; path = EvaluationTaskTests.swift; sourceTree = "<group>"; };
		327E4A5B212F5D7E00A9EF8A /* Info.plist */ = {isa = PBXFileReference; lastKnownFileType = text.plist.xml; path = Info.plist; sourceTree = "<group>"; };
		3296D0C02131D8870068633C /* ConnectionStatus.storyboard */ = {isa = PBXFileReference; fileEncoding = 4; lastKnownFileType = file.storyboard; path = ConnectionStatus.storyboard; sourceTree = "<group>"; };
		3296D0C12131D8870068633C /* ConnectionObserver.swift */ = {isa = PBXFileReference; fileEncoding = 4; lastKnownFileType = sourcecode.swift; path = ConnectionObserver.swift; sourceTree = "<group>"; };
		3296D0C22131D8870068633C /* ConnectionStatus.swift */ = {isa = PBXFileReference; fileEncoding = 4; lastKnownFileType = sourcecode.swift; path = ConnectionStatus.swift; sourceTree = "<group>"; };
		3296D0C62131D9000068633C /* CoreNetwork.swift */ = {isa = PBXFileReference; fileEncoding = 4; lastKnownFileType = sourcecode.swift; path = CoreNetwork.swift; sourceTree = "<group>"; };
		3296D0C82131D90D0068633C /* HostService.swift */ = {isa = PBXFileReference; fileEncoding = 4; lastKnownFileType = sourcecode.swift; path = HostService.swift; sourceTree = "<group>"; };
		3296D0CB2131E95F0068633C /* HUDAnimationService.swift */ = {isa = PBXFileReference; lastKnownFileType = sourcecode.swift; path = HUDAnimationService.swift; sourceTree = "<group>"; };
		3296D0CD2131EA460068633C /* TopViewControllerFinder.swift */ = {isa = PBXFileReference; lastKnownFileType = sourcecode.swift; path = TopViewControllerFinder.swift; sourceTree = "<group>"; };
		3296D0D02131F0320068633C /* AuthTokenRequester.swift */ = {isa = PBXFileReference; lastKnownFileType = sourcecode.swift; path = AuthTokenRequester.swift; sourceTree = "<group>"; };
		3296D0D22131F0490068633C /* NearbyPlacesRequester.swift */ = {isa = PBXFileReference; lastKnownFileType = sourcecode.swift; path = NearbyPlacesRequester.swift; sourceTree = "<group>"; };
		3296D0D721320E5A0068633C /* CoreLocation.framework */ = {isa = PBXFileReference; lastKnownFileType = wrapper.framework; name = CoreLocation.framework; path = System/Library/Frameworks/CoreLocation.framework; sourceTree = SDKROOT; };
		51F514556AA31007260C331F /* Pods_EvaluationTask.framework */ = {isa = PBXFileReference; explicitFileType = wrapper.framework; includeInIndex = 0; path = Pods_EvaluationTask.framework; sourceTree = BUILT_PRODUCTS_DIR; };
		E7846D1BAE4D4ED2F027A7A2 /* Pods-EvaluationTask.debug.xcconfig */ = {isa = PBXFileReference; includeInIndex = 1; lastKnownFileType = text.xcconfig; name = "Pods-EvaluationTask.debug.xcconfig"; path = "Pods/Target Support Files/Pods-EvaluationTask/Pods-EvaluationTask.debug.xcconfig"; sourceTree = "<group>"; };
		FF4405CAFC04AD1910A1492A /* Pods-EvaluationTask.release.xcconfig */ = {isa = PBXFileReference; includeInIndex = 1; lastKnownFileType = text.xcconfig; name = "Pods-EvaluationTask.release.xcconfig"; path = "Pods/Target Support Files/Pods-EvaluationTask/Pods-EvaluationTask.release.xcconfig"; sourceTree = "<group>"; };
/* End PBXFileReference section */

/* Begin PBXFrameworksBuildPhase section */
		327E4A3E212F5D7B00A9EF8A /* Frameworks */ = {
			isa = PBXFrameworksBuildPhase;
			buildActionMask = 2147483647;
			files = (
				3296D0D821320E5A0068633C /* CoreLocation.framework in Frameworks */,
				091061B35B90F30AA1FBC95B /* Pods_EvaluationTask.framework in Frameworks */,
			);
			runOnlyForDeploymentPostprocessing = 0;
		};
		327E4A52212F5D7E00A9EF8A /* Frameworks */ = {
			isa = PBXFrameworksBuildPhase;
			buildActionMask = 2147483647;
			files = (
			);
			runOnlyForDeploymentPostprocessing = 0;
		};
/* End PBXFrameworksBuildPhase section */

/* Begin PBXGroup section */
		320DC9522133369100B17393 /* Views */ = {
			isa = PBXGroup;
			children = (
				320DC953213336DC00B17393 /* Cells */,
				327E4A46212F5D7B00A9EF8A /* CardViewController.swift */,
				327E4A48212F5D7B00A9EF8A /* Card.storyboard */,
			);
			path = Views;
			sourceTree = "<group>";
		};
		320DC953213336DC00B17393 /* Cells */ = {
			isa = PBXGroup;
			children = (
				320DC9542133374500B17393 /* CardViewCell.swift */,
				320DC9552133374500B17393 /* CardViewCell.xib */,
			);
			path = Cells;
			sourceTree = "<group>";
		};
		320DC9582133376600B17393 /* Entities */ = {
			isa = PBXGroup;
			children = (
				320DC9592133378C00B17393 /* CardViewModel.swift */,
			);
			path = Entities;
			sourceTree = "<group>";
		};
		321BD8FA213182C500A16CAA /* Network */ = {
			isa = PBXGroup;
			children = (
				3296D0CF2131F0140068633C /* Requests */,
				321BD90C2131D73B00A16CAA /* Reachability */,
				321BD9042131D30C00A16CAA /* LowLevelNetworking */,
				321BD8FB2131830300A16CAA /* Entities */,
				321BD90A2131D67200A16CAA /* NSError+Networking.swift */,
				3296D0C62131D9000068633C /* CoreNetwork.swift */,
				3296D0C82131D90D0068633C /* HostService.swift */,
			);
			path = Network;
			sourceTree = "<group>";
		};
		321BD8FB2131830300A16CAA /* Entities */ = {
			isa = PBXGroup;
			children = (
				321BD8FC213183E900A16CAA /* AuthTokenEntity.swift */,
				321BD8FE21319CC800A16CAA /* NearbyPlacesEntity.swift */,
				321BD9002131A03E00A16CAA /* Common.swift */,
				321BD9022131CE7000A16CAA /* NearbyPlacesEntityKeys.swift */,
			);
			path = Entities;
			sourceTree = "<group>";
		};
		321BD9042131D30C00A16CAA /* LowLevelNetworking */ = {
			isa = PBXGroup;
			children = (
				321BD9052131D3B200A16CAA /* Adaptor */,
				321BD9062131D3DC00A16CAA /* NetworkInterface.swift */,
			);
			path = LowLevelNetworking;
			sourceTree = "<group>";
		};
		321BD9052131D3B200A16CAA /* Adaptor */ = {
			isa = PBXGroup;
			children = (
				321BD9082131D3EF00A16CAA /* AlomofireAdaptor.swift */,
			);
			path = Adaptor;
			sourceTree = "<group>";
		};
		321BD90C2131D73B00A16CAA /* Reachability */ = {
			isa = PBXGroup;
			children = (
				3296D0C12131D8870068633C /* ConnectionObserver.swift */,
				3296D0C02131D8870068633C /* ConnectionStatus.storyboard */,
				3296D0C22131D8870068633C /* ConnectionStatus.swift */,
			);
			path = Reachability;
			sourceTree = "<group>";
		};
		327E4A38212F5D7B00A9EF8A = {
			isa = PBXGroup;
			children = (
				327E4A43212F5D7B00A9EF8A /* EvaluationTask */,
				327E4A58212F5D7E00A9EF8A /* EvaluationTaskTests */,
				327E4A42212F5D7B00A9EF8A /* Products */,
				B6A6FA0833DB1856316EAAFB /* Pods */,
				578468CB31D6CE020C9579CA /* Frameworks */,
			);
			sourceTree = "<group>";
		};
		327E4A42212F5D7B00A9EF8A /* Products */ = {
			isa = PBXGroup;
			children = (
				327E4A41212F5D7B00A9EF8A /* EvaluationTask.app */,
				327E4A55212F5D7E00A9EF8A /* EvaluationTaskTests.xctest */,
			);
			name = Products;
			sourceTree = "<group>";
		};
		327E4A43212F5D7B00A9EF8A /* EvaluationTask */ = {
			isa = PBXGroup;
			children = (
				3296D0D621320B1B0068633C /* MapViewScreen */,
				3296D0D521320AF90068633C /* CardViewScreen */,
				3296D0D421320AE90068633C /* UserLocation */,
				3296D0CA2131E9050068633C /* Utiles */,
				321BD8FA213182C500A16CAA /* Network */,
				327E4A44212F5D7B00A9EF8A /* AppDelegate.swift */,
				327E4A4B212F5D7D00A9EF8A /* Assets.xcassets */,
				327E4A4D212F5D7D00A9EF8A /* LaunchScreen.storyboard */,
				327E4A50212F5D7D00A9EF8A /* Info.plist */,
			);
			path = EvaluationTask;
			sourceTree = "<group>";
		};
		327E4A58212F5D7E00A9EF8A /* EvaluationTaskTests */ = {
			isa = PBXGroup;
			children = (
				327E4A59212F5D7E00A9EF8A /* EvaluationTaskTests.swift */,
				327E4A5B212F5D7E00A9EF8A /* Info.plist */,
			);
			path = EvaluationTaskTests;
			sourceTree = "<group>";
		};
		3296D0CA2131E9050068633C /* Utiles */ = {
			isa = PBXGroup;
			children = (
				3296D0CB2131E95F0068633C /* HUDAnimationService.swift */,
				3296D0CD2131EA460068633C /* TopViewControllerFinder.swift */,
			);
			path = Utiles;
			sourceTree = "<group>";
		};
		3296D0CF2131F0140068633C /* Requests */ = {
			isa = PBXGroup;
			children = (
				3296D0D02131F0320068633C /* AuthTokenRequester.swift */,
				3296D0D22131F0490068633C /* NearbyPlacesRequester.swift */,
			);
			path = Requests;
			sourceTree = "<group>";
		};
		3296D0D421320AE90068633C /* UserLocation */ = {
			isa = PBXGroup;
			children = (
			);
			path = UserLocation;
			sourceTree = "<group>";
		};
		3296D0D521320AF90068633C /* CardViewScreen */ = {
			isa = PBXGroup;
			children = (
				320DC9582133376600B17393 /* Entities */,
				320DC9522133369100B17393 /* Views */,
			);
			path = CardViewScreen;
			sourceTree = "<group>";
		};
		3296D0D621320B1B0068633C /* MapViewScreen */ = {
			isa = PBXGroup;
			children = (
			);
			path = MapViewScreen;
			sourceTree = "<group>";
		};
		578468CB31D6CE020C9579CA /* Frameworks */ = {
			isa = PBXGroup;
			children = (
				3296D0D721320E5A0068633C /* CoreLocation.framework */,
				51F514556AA31007260C331F /* Pods_EvaluationTask.framework */,
			);
			name = Frameworks;
			sourceTree = "<group>";
		};
		B6A6FA0833DB1856316EAAFB /* Pods */ = {
			isa = PBXGroup;
			children = (
				E7846D1BAE4D4ED2F027A7A2 /* Pods-EvaluationTask.debug.xcconfig */,
				FF4405CAFC04AD1910A1492A /* Pods-EvaluationTask.release.xcconfig */,
			);
			name = Pods;
			sourceTree = "<group>";
		};
/* End PBXGroup section */

/* Begin PBXNativeTarget section */
		327E4A40212F5D7B00A9EF8A /* EvaluationTask */ = {
			isa = PBXNativeTarget;
			buildConfigurationList = 327E4A5E212F5D7E00A9EF8A /* Build configuration list for PBXNativeTarget "EvaluationTask" */;
			buildPhases = (
				57429D68871B1BF4A2EA313D /* [CP] Check Pods Manifest.lock */,
				327E4A3D212F5D7B00A9EF8A /* Sources */,
				327E4A3E212F5D7B00A9EF8A /* Frameworks */,
				327E4A3F212F5D7B00A9EF8A /* Resources */,
				17B8314ECA36EBA4B2771FC5 /* [CP] Embed Pods Frameworks */,
			);
			buildRules = (
			);
			dependencies = (
			);
			name = EvaluationTask;
			productName = EvaluationTask;
			productReference = 327E4A41212F5D7B00A9EF8A /* EvaluationTask.app */;
			productType = "com.apple.product-type.application";
		};
		327E4A54212F5D7E00A9EF8A /* EvaluationTaskTests */ = {
			isa = PBXNativeTarget;
			buildConfigurationList = 327E4A61212F5D7E00A9EF8A /* Build configuration list for PBXNativeTarget "EvaluationTaskTests" */;
			buildPhases = (
				327E4A51212F5D7E00A9EF8A /* Sources */,
				327E4A52212F5D7E00A9EF8A /* Frameworks */,
				327E4A53212F5D7E00A9EF8A /* Resources */,
			);
			buildRules = (
			);
			dependencies = (
				327E4A57212F5D7E00A9EF8A /* PBXTargetDependency */,
			);
			name = EvaluationTaskTests;
			productName = EvaluationTaskTests;
			productReference = 327E4A55212F5D7E00A9EF8A /* EvaluationTaskTests.xctest */;
			productType = "com.apple.product-type.bundle.unit-test";
		};
/* End PBXNativeTarget section */

/* Begin PBXProject section */
		327E4A39212F5D7B00A9EF8A /* Project object */ = {
			isa = PBXProject;
			attributes = {
				LastSwiftUpdateCheck = 0940;
				LastUpgradeCheck = 0940;
				ORGANIZATIONNAME = "Alaa Abdulmawla";
				TargetAttributes = {
					327E4A40212F5D7B00A9EF8A = {
						CreatedOnToolsVersion = 9.4.1;
					};
					327E4A54212F5D7E00A9EF8A = {
						CreatedOnToolsVersion = 9.4.1;
						TestTargetID = 327E4A40212F5D7B00A9EF8A;
					};
				};
			};
			buildConfigurationList = 327E4A3C212F5D7B00A9EF8A /* Build configuration list for PBXProject "EvaluationTask" */;
			compatibilityVersion = "Xcode 9.3";
			developmentRegion = en;
			hasScannedForEncodings = 0;
			knownRegions = (
				en,
				Base,
			);
			mainGroup = 327E4A38212F5D7B00A9EF8A;
			productRefGroup = 327E4A42212F5D7B00A9EF8A /* Products */;
			projectDirPath = "";
			projectRoot = "";
			targets = (
				327E4A40212F5D7B00A9EF8A /* EvaluationTask */,
				327E4A54212F5D7E00A9EF8A /* EvaluationTaskTests */,
			);
		};
/* End PBXProject section */

/* Begin PBXResourcesBuildPhase section */
		327E4A3F212F5D7B00A9EF8A /* Resources */ = {
			isa = PBXResourcesBuildPhase;
			buildActionMask = 2147483647;
			files = (
				327E4A4F212F5D7D00A9EF8A /* LaunchScreen.storyboard in Resources */,
				327E4A4C212F5D7D00A9EF8A /* Assets.xcassets in Resources */,
				3296D0C32131D8880068633C /* ConnectionStatus.storyboard in Resources */,
				327E4A4A212F5D7B00A9EF8A /* Card.storyboard in Resources */,
				320DC9572133374500B17393 /* CardViewCell.xib in Resources */,
			);
			runOnlyForDeploymentPostprocessing = 0;
		};
		327E4A53212F5D7E00A9EF8A /* Resources */ = {
			isa = PBXResourcesBuildPhase;
			buildActionMask = 2147483647;
			files = (
			);
			runOnlyForDeploymentPostprocessing = 0;
		};
/* End PBXResourcesBuildPhase section */

/* Begin PBXShellScriptBuildPhase section */
		17B8314ECA36EBA4B2771FC5 /* [CP] Embed Pods Frameworks */ = {
			isa = PBXShellScriptBuildPhase;
			buildActionMask = 2147483647;
			files = (
			);
			inputPaths = (
				"${SRCROOT}/Pods/Target Support Files/Pods-EvaluationTask/Pods-EvaluationTask-frameworks.sh",
				"${BUILT_PRODUCTS_DIR}/Alamofire/Alamofire.framework",
				"${BUILT_PRODUCTS_DIR}/AlamofireImage/AlamofireImage.framework",
				"${BUILT_PRODUCTS_DIR}/Material/Material.framework",
				"${BUILT_PRODUCTS_DIR}/Motion/Motion.framework",
			);
			name = "[CP] Embed Pods Frameworks";
			outputPaths = (
				"${TARGET_BUILD_DIR}/${FRAMEWORKS_FOLDER_PATH}/Alamofire.framework",
				"${TARGET_BUILD_DIR}/${FRAMEWORKS_FOLDER_PATH}/AlamofireImage.framework",
				"${TARGET_BUILD_DIR}/${FRAMEWORKS_FOLDER_PATH}/Material.framework",
				"${TARGET_BUILD_DIR}/${FRAMEWORKS_FOLDER_PATH}/Motion.framework",
			);
			runOnlyForDeploymentPostprocessing = 0;
			shellPath = /bin/sh;
			shellScript = "\"${SRCROOT}/Pods/Target Support Files/Pods-EvaluationTask/Pods-EvaluationTask-frameworks.sh\"\n";
			showEnvVarsInLog = 0;
		};
		57429D68871B1BF4A2EA313D /* [CP] Check Pods Manifest.lock */ = {
			isa = PBXShellScriptBuildPhase;
			buildActionMask = 2147483647;
			files = (
			);
			inputPaths = (
				"${PODS_PODFILE_DIR_PATH}/Podfile.lock",
				"${PODS_ROOT}/Manifest.lock",
			);
			name = "[CP] Check Pods Manifest.lock";
			outputPaths = (
				"$(DERIVED_FILE_DIR)/Pods-EvaluationTask-checkManifestLockResult.txt",
			);
			runOnlyForDeploymentPostprocessing = 0;
			shellPath = /bin/sh;
			shellScript = "diff \"${PODS_PODFILE_DIR_PATH}/Podfile.lock\" \"${PODS_ROOT}/Manifest.lock\" > /dev/null\nif [ $? != 0 ] ; then\n    # print error to STDERR\n    echo \"error: The sandbox is not in sync with the Podfile.lock. Run 'pod install' or update your CocoaPods installation.\" >&2\n    exit 1\nfi\n# This output is used by Xcode 'outputs' to avoid re-running this script phase.\necho \"SUCCESS\" > \"${SCRIPT_OUTPUT_FILE_0}\"\n";
			showEnvVarsInLog = 0;
		};
/* End PBXShellScriptBuildPhase section */

/* Begin PBXSourcesBuildPhase section */
		327E4A3D212F5D7B00A9EF8A /* Sources */ = {
			isa = PBXSourcesBuildPhase;
			buildActionMask = 2147483647;
			files = (
				321BD90B2131D67200A16CAA /* NSError+Networking.swift in Sources */,
				327E4A47212F5D7B00A9EF8A /* CardViewController.swift in Sources */,
				3296D0C52131D8880068633C /* ConnectionStatus.swift in Sources */,
				3296D0C72131D9000068633C /* CoreNetwork.swift in Sources */,
				3296D0CC2131E95F0068633C /* HUDAnimationService.swift in Sources */,
				327E4A45212F5D7B00A9EF8A /* AppDelegate.swift in Sources */,
				3296D0D12131F0320068633C /* AuthTokenRequester.swift in Sources */,
				3296D0C92131D90D0068633C /* HostService.swift in Sources */,
				3296D0C42131D8880068633C /* ConnectionObserver.swift in Sources */,
				320DC95A2133378C00B17393 /* CardViewModel.swift in Sources */,
				321BD9092131D3EF00A16CAA /* AlomofireAdaptor.swift in Sources */,
				3296D0D32131F0490068633C /* NearbyPlacesRequester.swift in Sources */,
				321BD8FF21319CC800A16CAA /* NearbyPlacesEntity.swift in Sources */,
				320DC9562133374500B17393 /* CardViewCell.swift in Sources */,
				321BD9072131D3DC00A16CAA /* NetworkInterface.swift in Sources */,
				321BD9012131A03E00A16CAA /* Common.swift in Sources */,
				321BD8FD213183E900A16CAA /* AuthTokenEntity.swift in Sources */,
				321BD9032131CE7000A16CAA /* NearbyPlacesEntityKeys.swift in Sources */,
				3296D0CE2131EA460068633C /* TopViewControllerFinder.swift in Sources */,
			);
			runOnlyForDeploymentPostprocessing = 0;
		};
		327E4A51212F5D7E00A9EF8A /* Sources */ = {
			isa = PBXSourcesBuildPhase;
			buildActionMask = 2147483647;
			files = (
				327E4A5A212F5D7E00A9EF8A /* EvaluationTaskTests.swift in Sources */,
			);
			runOnlyForDeploymentPostprocessing = 0;
		};
/* End PBXSourcesBuildPhase section */

/* Begin PBXTargetDependency section */
		327E4A57212F5D7E00A9EF8A /* PBXTargetDependency */ = {
			isa = PBXTargetDependency;
			target = 327E4A40212F5D7B00A9EF8A /* EvaluationTask */;
			targetProxy = 327E4A56212F5D7E00A9EF8A /* PBXContainerItemProxy */;
		};
/* End PBXTargetDependency section */

/* Begin PBXVariantGroup section */
		327E4A48212F5D7B00A9EF8A /* Card.storyboard */ = {
			isa = PBXVariantGroup;
			children = (
				327E4A49212F5D7B00A9EF8A /* Base */,
			);
			name = Card.storyboard;
			sourceTree = "<group>";
		};
		327E4A4D212F5D7D00A9EF8A /* LaunchScreen.storyboard */ = {
			isa = PBXVariantGroup;
			children = (
				327E4A4E212F5D7D00A9EF8A /* Base */,
			);
			name = LaunchScreen.storyboard;
			sourceTree = "<group>";
		};
/* End PBXVariantGroup section */

/* Begin XCBuildConfiguration section */
		327E4A5C212F5D7E00A9EF8A /* Debug */ = {
			isa = XCBuildConfiguration;
			buildSettings = {
				ALWAYS_SEARCH_USER_PATHS = NO;
				CLANG_ANALYZER_NONNULL = YES;
				CLANG_ANALYZER_NUMBER_OBJECT_CONVERSION = YES_AGGRESSIVE;
				CLANG_CXX_LANGUAGE_STANDARD = "gnu++14";
				CLANG_CXX_LIBRARY = "libc++";
				CLANG_ENABLE_MODULES = YES;
				CLANG_ENABLE_OBJC_ARC = YES;
				CLANG_ENABLE_OBJC_WEAK = YES;
				CLANG_WARN_BLOCK_CAPTURE_AUTORELEASING = YES;
				CLANG_WARN_BOOL_CONVERSION = YES;
				CLANG_WARN_COMMA = YES;
				CLANG_WARN_CONSTANT_CONVERSION = YES;
				CLANG_WARN_DEPRECATED_OBJC_IMPLEMENTATIONS = YES;
				CLANG_WARN_DIRECT_OBJC_ISA_USAGE = YES_ERROR;
				CLANG_WARN_DOCUMENTATION_COMMENTS = YES;
				CLANG_WARN_EMPTY_BODY = YES;
				CLANG_WARN_ENUM_CONVERSION = YES;
				CLANG_WARN_INFINITE_RECURSION = YES;
				CLANG_WARN_INT_CONVERSION = YES;
				CLANG_WARN_NON_LITERAL_NULL_CONVERSION = YES;
				CLANG_WARN_OBJC_IMPLICIT_RETAIN_SELF = YES;
				CLANG_WARN_OBJC_LITERAL_CONVERSION = YES;
				CLANG_WARN_OBJC_ROOT_CLASS = YES_ERROR;
				CLANG_WARN_RANGE_LOOP_ANALYSIS = YES;
				CLANG_WARN_STRICT_PROTOTYPES = YES;
				CLANG_WARN_SUSPICIOUS_MOVE = YES;
				CLANG_WARN_UNGUARDED_AVAILABILITY = YES_AGGRESSIVE;
				CLANG_WARN_UNREACHABLE_CODE = YES;
				CLANG_WARN__DUPLICATE_METHOD_MATCH = YES;
				CODE_SIGN_IDENTITY = "iPhone Developer";
				COPY_PHASE_STRIP = NO;
				DEBUG_INFORMATION_FORMAT = dwarf;
				ENABLE_STRICT_OBJC_MSGSEND = YES;
				ENABLE_TESTABILITY = YES;
				GCC_C_LANGUAGE_STANDARD = gnu11;
				GCC_DYNAMIC_NO_PIC = NO;
				GCC_NO_COMMON_BLOCKS = YES;
				GCC_OPTIMIZATION_LEVEL = 0;
				GCC_PREPROCESSOR_DEFINITIONS = (
					"DEBUG=1",
					"$(inherited)",
				);
				GCC_WARN_64_TO_32_BIT_CONVERSION = YES;
				GCC_WARN_ABOUT_RETURN_TYPE = YES_ERROR;
				GCC_WARN_UNDECLARED_SELECTOR = YES;
				GCC_WARN_UNINITIALIZED_AUTOS = YES_AGGRESSIVE;
				GCC_WARN_UNUSED_FUNCTION = YES;
				GCC_WARN_UNUSED_VARIABLE = YES;
				IPHONEOS_DEPLOYMENT_TARGET = 11.4;
				MTL_ENABLE_DEBUG_INFO = YES;
				ONLY_ACTIVE_ARCH = YES;
				SDKROOT = iphoneos;
				SWIFT_ACTIVE_COMPILATION_CONDITIONS = DEBUG;
				SWIFT_OPTIMIZATION_LEVEL = "-Onone";
			};
			name = Debug;
		};
		327E4A5D212F5D7E00A9EF8A /* Release */ = {
			isa = XCBuildConfiguration;
			buildSettings = {
				ALWAYS_SEARCH_USER_PATHS = NO;
				CLANG_ANALYZER_NONNULL = YES;
				CLANG_ANALYZER_NUMBER_OBJECT_CONVERSION = YES_AGGRESSIVE;
				CLANG_CXX_LANGUAGE_STANDARD = "gnu++14";
				CLANG_CXX_LIBRARY = "libc++";
				CLANG_ENABLE_MODULES = YES;
				CLANG_ENABLE_OBJC_ARC = YES;
				CLANG_ENABLE_OBJC_WEAK = YES;
				CLANG_WARN_BLOCK_CAPTURE_AUTORELEASING = YES;
				CLANG_WARN_BOOL_CONVERSION = YES;
				CLANG_WARN_COMMA = YES;
				CLANG_WARN_CONSTANT_CONVERSION = YES;
				CLANG_WARN_DEPRECATED_OBJC_IMPLEMENTATIONS = YES;
				CLANG_WARN_DIRECT_OBJC_ISA_USAGE = YES_ERROR;
				CLANG_WARN_DOCUMENTATION_COMMENTS = YES;
				CLANG_WARN_EMPTY_BODY = YES;
				CLANG_WARN_ENUM_CONVERSION = YES;
				CLANG_WARN_INFINITE_RECURSION = YES;
				CLANG_WARN_INT_CONVERSION = YES;
				CLANG_WARN_NON_LITERAL_NULL_CONVERSION = YES;
				CLANG_WARN_OBJC_IMPLICIT_RETAIN_SELF = YES;
				CLANG_WARN_OBJC_LITERAL_CONVERSION = YES;
				CLANG_WARN_OBJC_ROOT_CLASS = YES_ERROR;
				CLANG_WARN_RANGE_LOOP_ANALYSIS = YES;
				CLANG_WARN_STRICT_PROTOTYPES = YES;
				CLANG_WARN_SUSPICIOUS_MOVE = YES;
				CLANG_WARN_UNGUARDED_AVAILABILITY = YES_AGGRESSIVE;
				CLANG_WARN_UNREACHABLE_CODE = YES;
				CLANG_WARN__DUPLICATE_METHOD_MATCH = YES;
				CODE_SIGN_IDENTITY = "iPhone Developer";
				COPY_PHASE_STRIP = NO;
				DEBUG_INFORMATION_FORMAT = "dwarf-with-dsym";
				ENABLE_NS_ASSERTIONS = NO;
				ENABLE_STRICT_OBJC_MSGSEND = YES;
				GCC_C_LANGUAGE_STANDARD = gnu11;
				GCC_NO_COMMON_BLOCKS = YES;
				GCC_WARN_64_TO_32_BIT_CONVERSION = YES;
				GCC_WARN_ABOUT_RETURN_TYPE = YES_ERROR;
				GCC_WARN_UNDECLARED_SELECTOR = YES;
				GCC_WARN_UNINITIALIZED_AUTOS = YES_AGGRESSIVE;
				GCC_WARN_UNUSED_FUNCTION = YES;
				GCC_WARN_UNUSED_VARIABLE = YES;
				IPHONEOS_DEPLOYMENT_TARGET = 11.4;
				MTL_ENABLE_DEBUG_INFO = NO;
				SDKROOT = iphoneos;
				SWIFT_COMPILATION_MODE = wholemodule;
				SWIFT_OPTIMIZATION_LEVEL = "-O";
				VALIDATE_PRODUCT = YES;
			};
			name = Release;
		};
		327E4A5F212F5D7E00A9EF8A /* Debug */ = {
			isa = XCBuildConfiguration;
			baseConfigurationReference = E7846D1BAE4D4ED2F027A7A2 /* Pods-EvaluationTask.debug.xcconfig */;
			buildSettings = {
				ASSETCATALOG_COMPILER_APPICON_NAME = AppIcon;
				CODE_SIGN_STYLE = Automatic;
				DEVELOPMENT_TEAM = 57S73376BH;
				INFOPLIST_FILE = EvaluationTask/Info.plist;
				IPHONEOS_DEPLOYMENT_TARGET = 9.0;
				LD_RUNPATH_SEARCH_PATHS = (
					"$(inherited)",
					"@executable_path/Frameworks",
				);
				PRODUCT_BUNDLE_IDENTIFIER = alaa.EvaluationTask;
				PRODUCT_NAME = "$(TARGET_NAME)";
				SWIFT_VERSION = 4.0;
				TARGETED_DEVICE_FAMILY = "1,2";
			};
			name = Debug;
		};
		327E4A60212F5D7E00A9EF8A /* Release */ = {
			isa = XCBuildConfiguration;
			baseConfigurationReference = FF4405CAFC04AD1910A1492A /* Pods-EvaluationTask.release.xcconfig */;
			buildSettings = {
				ASSETCATALOG_COMPILER_APPICON_NAME = AppIcon;
				CODE_SIGN_STYLE = Automatic;
				DEVELOPMENT_TEAM = 57S73376BH;
				INFOPLIST_FILE = EvaluationTask/Info.plist;
				IPHONEOS_DEPLOYMENT_TARGET = 9.0;
				LD_RUNPATH_SEARCH_PATHS = (
					"$(inherited)",
					"@executable_path/Frameworks",
				);
				PRODUCT_BUNDLE_IDENTIFIER = alaa.EvaluationTask;
				PRODUCT_NAME = "$(TARGET_NAME)";
				SWIFT_VERSION = 4.0;
				TARGETED_DEVICE_FAMILY = "1,2";
			};
			name = Release;
		};
		327E4A62212F5D7E00A9EF8A /* Debug */ = {
			isa = XCBuildConfiguration;
			buildSettings = {
				ALWAYS_EMBED_SWIFT_STANDARD_LIBRARIES = YES;
				BUNDLE_LOADER = "$(TEST_HOST)";
				CODE_SIGN_STYLE = Automatic;
				DEVELOPMENT_TEAM = 57S73376BH;
				INFOPLIST_FILE = EvaluationTaskTests/Info.plist;
				LD_RUNPATH_SEARCH_PATHS = (
					"$(inherited)",
					"@executable_path/Frameworks",
					"@loader_path/Frameworks",
				);
				PRODUCT_BUNDLE_IDENTIFIER = alaa.EvaluationTaskTests;
				PRODUCT_NAME = "$(TARGET_NAME)";
				SWIFT_VERSION = 4.0;
				TARGETED_DEVICE_FAMILY = "1,2";
				TEST_HOST = "$(BUILT_PRODUCTS_DIR)/EvaluationTask.app/EvaluationTask";
			};
			name = Debug;
		};
		327E4A63212F5D7E00A9EF8A /* Release */ = {
			isa = XCBuildConfiguration;
			buildSettings = {
				ALWAYS_EMBED_SWIFT_STANDARD_LIBRARIES = YES;
				BUNDLE_LOADER = "$(TEST_HOST)";
				CODE_SIGN_STYLE = Automatic;
				DEVELOPMENT_TEAM = 57S73376BH;
				INFOPLIST_FILE = EvaluationTaskTests/Info.plist;
				LD_RUNPATH_SEARCH_PATHS = (
					"$(inherited)",
					"@executable_path/Frameworks",
					"@loader_path/Frameworks",
				);
				PRODUCT_BUNDLE_IDENTIFIER = alaa.EvaluationTaskTests;
				PRODUCT_NAME = "$(TARGET_NAME)";
				SWIFT_VERSION = 4.0;
				TARGETED_DEVICE_FAMILY = "1,2";
				TEST_HOST = "$(BUILT_PRODUCTS_DIR)/EvaluationTask.app/EvaluationTask";
			};
			name = Release;
		};
/* End XCBuildConfiguration section */

/* Begin XCConfigurationList section */
		327E4A3C212F5D7B00A9EF8A /* Build configuration list for PBXProject "EvaluationTask" */ = {
			isa = XCConfigurationList;
			buildConfigurations = (
				327E4A5C212F5D7E00A9EF8A /* Debug */,
				327E4A5D212F5D7E00A9EF8A /* Release */,
			);
			defaultConfigurationIsVisible = 0;
			defaultConfigurationName = Release;
		};
		327E4A5E212F5D7E00A9EF8A /* Build configuration list for PBXNativeTarget "EvaluationTask" */ = {
			isa = XCConfigurationList;
			buildConfigurations = (
				327E4A5F212F5D7E00A9EF8A /* Debug */,
				327E4A60212F5D7E00A9EF8A /* Release */,
			);
			defaultConfigurationIsVisible = 0;
			defaultConfigurationName = Release;
		};
		327E4A61212F5D7E00A9EF8A /* Build configuration list for PBXNativeTarget "EvaluationTaskTests" */ = {
			isa = XCConfigurationList;
			buildConfigurations = (
				327E4A62212F5D7E00A9EF8A /* Debug */,
				327E4A63212F5D7E00A9EF8A /* Release */,
			);
			defaultConfigurationIsVisible = 0;
			defaultConfigurationName = Release;
		};
/* End XCConfigurationList section */
	};
	rootObject = 327E4A39212F5D7B00A9EF8A /* Project object */;
}
